
Microsoft Visual Studio Solution File, Format Version 12.00
# Visual Studio Version 17
VisualStudioVersion = 17.7.34003.232
MinimumVisualStudioVersion = 10.0.40219.1
Project("{FAE04EC0-301F-11D3-BF4B-00C04F79EFBC}") = "Monitor.Android", "Monitor.Android\Monitor.Android.csproj", "{6F941570-9597-47A3-B9C2-E4FF0BEB4E4D}"
EndProject
Project("{FAE04EC0-301F-11D3-BF4B-00C04F79EFBC}") = "Monitor.iOS", "Monitor.iOS\Monitor.iOS.csproj", "{71E9E01E-D6A5-463B-9919-ED21C9B81787}"
EndProject
Project("{FAE04EC0-301F-11D3-BF4B-00C04F79EFBC}") = "Monitor", "Monitor\Monitor.csproj", "{9F2CE245-798E-4B09-889F-0F594918833E}"
EndProject
Global
	GlobalSection(SolutionConfigurationPlatforms) = preSolution
		Debug|Any CPU = Debug|Any CPU
		Debug|iPhone = Debug|iPhone
		Debug|iPhoneSimulator = Debug|iPhoneSimulator
		Release|Any CPU = Release|Any CPU
		Release|iPhone = Release|iPhone
		Release|iPhoneSimulator = Release|iPhoneSimulator
	EndGlobalSection
	GlobalSection(ProjectConfigurationPlatforms) = postSolution
		{6F941570-9597-47A3-B9C2-E4FF0BEB4E4D}.Debug|Any CPU.ActiveCfg = Debug|Any CPU
		{6F941570-9597-47A3-B9C2-E4FF0BEB4E4D}.Debug|Any CPU.Build.0 = Debug|Any CPU
		{6F941570-9597-47A3-B9C2-E4FF0BEB4E4D}.Debug|Any CPU.Deploy.0 = Debug|Any CPU
		{6F941570-9597-47A3-B9C2-E4FF0BEB4E4D}.Debug|iPhone.ActiveCfg = Debug|Any CPU
		{6F941570-9597-47A3-B9C2-E4FF0BEB4E4D}.Debug|iPhone.Build.0 = Debug|Any CPU
		{6F941570-9597-47A3-B9C2-E4FF0BEB4E4D}.Debug|iPhone.Deploy.0 = Debug|Any CPU
		{6F941570-9597-47A3-B9C2-E4FF0BEB4E4D}.Debug|iPhoneSimulator.ActiveCfg = Debug|Any CPU
		{6F941570-9597-47A3-B9C2-E4FF0BEB4E4D}.Debug|iPhoneSimulator.Build.0 = Debug|Any CPU
		{6F941570-9597-47A3-B9C2-E4FF0BEB4E4D}.Debug|iPhoneSimulator.Deploy.0 = Debug|Any CPU
		{6F941570-9597-47A3-B9C2-E4FF0BEB4E4D}.Release|Any CPU.ActiveCfg = Release|Any CPU
		{6F941570-9597-47A3-B9C2-E4FF0BEB4E4D}.Release|Any CPU.Build.0 = Release|Any CPU
		{6F941570-9597-47A3-B9C2-E4FF0BEB4E4D}.Release|Any CPU.Deploy.0 = Release|Any CPU
		{6F941570-9597-47A3-B9C2-E4FF0BEB4E4D}.Release|iPhone.ActiveCfg = Release|Any CPU
		{6F941570-9597-47A3-B9C2-E4FF0BEB4E4D}.Release|iPhone.Build.0 = Release|Any CPU
		{6F941570-9597-47A3-B9C2-E4FF0BEB4E4D}.Release|iPhone.Deploy.0 = Release|Any CPU
		{6F941570-9597-47A3-B9C2-E4FF0BEB4E4D}.Release|iPhoneSimulator.ActiveCfg = Release|Any CPU
		{6F941570-9597-47A3-B9C2-E4FF0BEB4E4D}.Release|iPhoneSimulator.Build.0 = Release|Any CPU
		{6F941570-9597-47A3-B9C2-E4FF0BEB4E4D}.Release|iPhoneSimulator.Deploy.0 = Release|Any CPU
		{71E9E01E-D6A5-463B-9919-ED21C9B81787}.Debug|Any CPU.ActiveCfg = Debug|iPhone
		{71E9E01E-D6A5-463B-9919-ED21C9B81787}.Debug|Any CPU.Build.0 = Debug|iPhone
		{71E9E01E-D6A5-463B-9919-ED21C9B81787}.Debug|Any CPU.Deploy.0 = Debug|iPhone
		{71E9E01E-D6A5-463B-9919-ED21C9B81787}.Debug|iPhone.ActiveCfg = Debug|iPhone
		{71E9E01E-D6A5-463B-9919-ED21C9B81787}.Debug|iPhone.Build.0 = Debug|iPhone
		{71E9E01E-D6A5-463B-9919-ED21C9B81787}.Debug|iPhone.Deploy.0 = Debug|iPhone
		{71E9E01E-D6A5-463B-9919-ED21C9B81787}.Debug|iPhoneSimulator.ActiveCfg = Debug|iPhoneSimulator
		{71E9E01E-D6A5-463B-9919-ED21C9B81787}.Debug|iPhoneSimulator.Build.0 = Debug|iPhoneSimulator
		{71E9E01E-D6A5-463B-9919-ED21C9B81787}.Debug|iPhoneSimulator.Deploy.0 = Debug|iPhoneSimulator
		{71E9E01E-D6A5-463B-9919-ED21C9B81787}.Release|Any CPU.ActiveCfg = Release|iPhoneSimulator
		{71E9E01E-D6A5-463B-9919-ED21C9B81787}.Release|Any CPU.Build.0 = Release|iPhoneSimulator
		{71E9E01E-D6A5-463B-9919-ED21C9B81787}.Release|Any CPU.Deploy.0 = Release|iPhoneSimulator
		{71E9E01E-D6A5-463B-9919-ED21C9B81787}.Release|iPhone.ActiveCfg = Release|iPhone
		{71E9E01E-D6A5-463B-9919-ED21C9B81787}.Release|iPhone.Build.0 = Release|iPhone
		{71E9E01E-D6A5-463B-9919-ED21C9B81787}.Release|iPhone.Deploy.0 = Release|iPhone
		{71E9E01E-D6A5-463B-9919-ED21C9B81787}.Release|iPhoneSimulator.ActiveCfg = Release|iPhoneSimulator
		{71E9E01E-D6A5-463B-9919-ED21C9B81787}.Release|iPhoneSimulator.Build.0 = Release|iPhoneSimulator
		{71E9E01E-D6A5-463B-9919-ED21C9B81787}.Release|iPhoneSimulator.Deploy.0 = Release|iPhoneSimulator
		{9F2CE245-798E-4B09-889F-0F594918833E}.Debug|Any CPU.ActiveCfg = Debug|Any CPU
		{9F2CE245-798E-4B09-889F-0F594918833E}.Debug|Any CPU.Build.0 = Debug|Any CPU
		{9F2CE245-798E-4B09-889F-0F594918833E}.Debug|Any CPU.Deploy.0 = Debug|Any CPU
		{9F2CE245-798E-4B09-889F-0F594918833E}.Debug|iPhone.ActiveCfg = Debug|Any CPU
		{9F2CE245-798E-4B09-889F-0F594918833E}.Debug|iPhone.Build.0 = Debug|Any CPU
		{9F2CE245-798E-4B09-889F-0F594918833E}.Debug|iPhone.Deploy.0 = Debug|Any CPU
		{9F2CE245-798E-4B09-889F-0F594918833E}.Debug|iPhoneSimulator.ActiveCfg = Debug|Any CPU
		{9F2CE245-798E-4B09-889F-0F594918833E}.Debug|iPhoneSimulator.Build.0 = Debug|Any CPU
		{9F2CE245-798E-4B09-889F-0F594918833E}.Debug|iPhoneSimulator.Deploy.0 = Debug|Any CPU
		{9F2CE245-798E-4B09-889F-0F594918833E}.Release|Any CPU.ActiveCfg = Release|Any CPU
		{9F2CE245-798E-4B09-889F-0F594918833E}.Release|Any CPU.Build.0 = Release|Any CPU
		{9F2CE245-798E-4B09-889F-0F594918833E}.Release|Any CPU.Deploy.0 = Release|Any CPU
		{9F2CE245-798E-4B09-889F-0F594918833E}.Release|iPhone.ActiveCfg = Release|Any CPU
		{9F2CE245-798E-4B09-889F-0F594918833E}.Release|iPhone.Build.0 = Release|Any CPU
		{9F2CE245-798E-4B09-889F-0F594918833E}.Release|iPhone.Deploy.0 = Release|Any CPU
		{9F2CE245-798E-4B09-889F-0F594918833E}.Release|iPhoneSimulator.ActiveCfg = Release|Any CPU
		{9F2CE245-798E-4B09-889F-0F594918833E}.Release|iPhoneSimulator.Build.0 = Release|Any CPU
		{9F2CE245-798E-4B09-889F-0F594918833E}.Release|iPhoneSimulator.Deploy.0 = Release|Any CPU
	EndGlobalSection
	GlobalSection(SolutionProperties) = preSolution
		HideSolutionNode = FALSE
	EndGlobalSection
	GlobalSection(ExtensibilityGlobals) = postSolution
		SolutionGuid = {22992610-2EE9-4037-9EC0-929B69B926C6}
	EndGlobalSection
EndGlobal
